# THIS IS AN AUTOGENERATED FILE. DO NOT EDIT THIS FILE DIRECTLY.
# yarn lockfile v1


howler@^2.2.1, howler@^2.2.3:
  version "2.2.3"
  resolved "https://registry.yarnpkg.com/howler/-/howler-2.2.3.tgz#a2eff9b08b586798e7a2ee17a602a90df28715da"
  integrity sha512-QM0FFkw0LRX1PR8pNzJVAY25JhIWvbKMBFM4gqk+QdV+kPXOhleWGCB6AiAF/goGjIHK2e/nIElplvjQwhr0jg==

react-use-audio-player@^1.2.5:
  version "1.2.5"
  resolved "https://registry.yarnpkg.com/react-use-audio-player/-/react-use-audio-player-1.2.5.tgz#09990b6a825ffbb9dab2863b6706c2a8cadbec1a"
  integrity sha512-nnW0G1p9x76Zpfg1lhz1chOG+X8XHopSM2YReSaHgcgeVZUrl45PIoJURX2/6u+RtVDC57qjm5w+JPRtlOnr1w==
  dependencies:
    howler "^2.2.1"
